
Microsoft Visual Studio Solution File, Format Version 12.00
# Visual Studio Version 17
VisualStudioVersion = 17.5.33516.290
MinimumVisualStudioVersion = 10.0.40219.1
Project("{FAE04EC0-301F-11D3-BF4B-00C04F79EFBC}") = "GitLabApp11", "GitLabApp11\GitLabApp11.csproj", "{ADC9F6AE-2D45-40CE-B3C2-01395D08ECD9}"
EndProject
Global
	GlobalSection(SolutionConfigurationPlatforms) = preSolution
		Debug|Any CPU = Debug|Any CPU
		Release|Any CPU = Release|Any CPU
	EndGlobalSection
	GlobalSection(ProjectConfigurationPlatforms) = postSolution
		{ADC9F6AE-2D45-40CE-B3C2-01395D08ECD9}.Debug|Any CPU.ActiveCfg = Debug|Any CPU
		{ADC9F6AE-2D45-40CE-B3C2-01395D08ECD9}.Debug|Any CPU.Build.0 = Debug|Any CPU
		{ADC9F6AE-2D45-40CE-B3C2-01395D08ECD9}.Release|Any CPU.ActiveCfg = Release|Any CPU
		{ADC9F6AE-2D45-40CE-B3C2-01395D08ECD9}.Release|Any CPU.Build.0 = Release|Any CPU
	EndGlobalSection
	GlobalSection(SolutionProperties) = preSolution
		HideSolutionNode = FALSE
	EndGlobalSection
	GlobalSection(ExtensibilityGlobals) = postSolution
		SolutionGuid = {6B79627A-8B3A-42E8-8EC2-B5A51BF03966}
	EndGlobalSection
EndGlobal
